github.com/gopherjs/gopherjs v0.0.0-20200217142428-fce0ec30dd00 h1:l5lAOZEym3oK3SQ2HBHWsJUfbNBiTXJDeW2QDxw9AQ0=
github.com/gopherjs/gopherjs v0.0.0-20200217142428-fce0ec30dd00/go.mod h1:wJfORRmW1u3UXTncJ5qlYoELFm8eSnnEO6hX4iZ3EWY=
github.com/mailgun/godebug v0.0.0-20170609050446-bfb01ae9c266 h1:iLyCLPGaKJGKzTJKqmKaS0whm7Pj0Cl0AaDV45bWf7o=
github.com/mailgun/godebug v0.0.0-20170609050446-bfb01ae9c266/go.mod h1:RCjtZiMngWSMmhoPeIsJvTZeWJnY6533CpN0GhHy2Wg=
